// !$*UTF8*$!
{
	archiveVersion = 1;
	classes = {
	};
	objectVersion = 46;
	objects = {

/* Begin PBXBuildFile section */
		AA00646A1E14534A00C3EB75 /* CollectionViewCell.swift in Sources */ = {isa = PBXBuildFile; fileRef = AA0064691E14534A00C3EB75 /* CollectionViewCell.swift */; };
		AA00646D1E145BC400C3EB75 /* Extensions.swift in Sources */ = {isa = PBXBuildFile; fileRef = AA00646C1E145BC400C3EB75 /* Extensions.swift */; };
		AA0064701E147B4D00C3EB75 /* MenuBar.swift in Sources */ = {isa = PBXBuildFile; fileRef = AA00646F1E147B4D00C3EB75 /* MenuBar.swift */; };
		AA0064721E1488EB00C3EB75 /* VideoCollectionCell.swift in Sources */ = {isa = PBXBuildFile; fileRef = AA0064711E1488EB00C3EB75 /* VideoCollectionCell.swift */; };
		AA0064741E1489F500C3EB75 /* MenuCollectionCell.swift in Sources */ = {isa = PBXBuildFile; fileRef = AA0064731E1489F500C3EB75 /* MenuCollectionCell.swift */; };
		AA00647C1E15C3F500C3EB75 /* Video.swift in Sources */ = {isa = PBXBuildFile; fileRef = AA00647B1E15C3F500C3EB75 /* Video.swift */; };
		AA2EAB5A1E1D9F960053F500 /* SettingsLauncher.swift in Sources */ = {isa = PBXBuildFile; fileRef = AA2EAB591E1D9F960053F500 /* SettingsLauncher.swift */; };
		AA2EAB5C1E1DC0FA0053F500 /* SettingCell.swift in Sources */ = {isa = PBXBuildFile; fileRef = AA2EAB5B1E1DC0FA0053F500 /* SettingCell.swift */; };
		AA2EAB5F1E1F1C160053F500 /* APIService.swift in Sources */ = {isa = PBXBuildFile; fileRef = AA2EAB5E1E1F1C160053F500 /* APIService.swift */; };
		AA62CC5F1E1448A1008045C1 /* AppDelegate.swift in Sources */ = {isa = PBXBuildFile; fileRef = AA62CC5E1E1448A1008045C1 /* AppDelegate.swift */; };
		AA62CC611E1448A1008045C1 /* HomeController.swift in Sources */ = {isa = PBXBuildFile; fileRef = AA62CC601E1448A1008045C1 /* HomeController.swift */; };
		AA62CC661E1448A1008045C1 /* Assets.xcassets in Resources */ = {isa = PBXBuildFile; fileRef = AA62CC651E1448A1008045C1 /* Assets.xcassets */; };
		AA62CC691E1448A1008045C1 /* LaunchScreen.storyboard in Resources */ = {isa = PBXBuildFile; fileRef = AA62CC671E1448A1008045C1 /* LaunchScreen.storyboard */; };
		CA69BA2C9D0AA5A6600B5C0B /* Pods_Youtube.framework in Frameworks */ = {isa = PBXBuildFile; fileRef = 7CF35277BADA6FD3D411657C /* Pods_Youtube.framework */; };
/* End PBXBuildFile section */

/* Begin PBXFileReference section */
		02886D93FB5FAF8E8B33B646 /* Pods-Youtube.debug.xcconfig */ = {isa = PBXFileReference; includeInIndex = 1; lastKnownFileType = text.xcconfig; name = "Pods-Youtube.debug.xcconfig"; path = "Pods/Target Support Files/Pods-Youtube/Pods-Youtube.debug.xcconfig"; sourceTree = "<group>"; };
		6182F3E16D8E69D6311B0952 /* Pods-Youtube.release.xcconfig */ = {isa = PBXFileReference; includeInIndex = 1; lastKnownFileType = text.xcconfig; name = "Pods-Youtube.release.xcconfig"; path = "Pods/Target Support Files/Pods-Youtube/Pods-Youtube.release.xcconfig"; sourceTree = "<group>"; };
		7CF35277BADA6FD3D411657C /* Pods_Youtube.framework */ = {isa = PBXFileReference; explicitFileType = wrapper.framework; includeInIndex = 0; path = Pods_Youtube.framework; sourceTree = BUILT_PRODUCTS_DIR; };
		AA0064691E14534A00C3EB75 /* CollectionViewCell.swift */ = {isa = PBXFileReference; fileEncoding = 4; lastKnownFileType = sourcecode.swift; path = CollectionViewCell.swift; sourceTree = "<group>"; };
		AA00646C1E145BC400C3EB75 /* Extensions.swift */ = {isa = PBXFileReference; fileEncoding = 4; lastKnownFileType = sourcecode.swift; path = Extensions.swift; sourceTree = "<group>"; };
		AA00646F1E147B4D00C3EB75 /* MenuBar.swift */ = {isa = PBXFileReference; fileEncoding = 4; lastKnownFileType = sourcecode.swift; path = MenuBar.swift; sourceTree = "<group>"; };
		AA0064711E1488EB00C3EB75 /* VideoCollectionCell.swift */ = {isa = PBXFileReference; fileEncoding = 4; lastKnownFileType = sourcecode.swift; path = VideoCollectionCell.swift; sourceTree = "<group>"; };
		AA0064731E1489F500C3EB75 /* MenuCollectionCell.swift */ = {isa = PBXFileReference; fileEncoding = 4; lastKnownFileType = sourcecode.swift; path = MenuCollectionCell.swift; sourceTree = "<group>"; };
		AA00647B1E15C3F500C3EB75 /* Video.swift */ = {isa = PBXFileReference; fileEncoding = 4; lastKnownFileType = sourcecode.swift; path = Video.swift; sourceTree = "<group>"; };
		AA2EAB591E1D9F960053F500 /* SettingsLauncher.swift */ = {isa = PBXFileReference; fileEncoding = 4; lastKnownFileType = sourcecode.swift; path = SettingsLauncher.swift; sourceTree = "<group>"; };
		AA2EAB5B1E1DC0FA0053F500 /* SettingCell.swift */ = {isa = PBXFileReference; fileEncoding = 4; lastKnownFileType = sourcecode.swift; path = SettingCell.swift; sourceTree = "<group>"; };
		AA2EAB5E1E1F1C160053F500 /* APIService.swift */ = {isa = PBXFileReference; fileEncoding = 4; lastKnownFileType = sourcecode.swift; path = APIService.swift; sourceTree = "<group>"; };
		AA62CC5B1E1448A1008045C1 /* Youtube.app */ = {isa = PBXFileReference; explicitFileType = wrapper.application; includeInIndex = 0; path = Youtube.app; sourceTree = BUILT_PRODUCTS_DIR; };
		AA62CC5E1E1448A1008045C1 /* AppDelegate.swift */ = {isa = PBXFileReference; lastKnownFileType = sourcecode.swift; path = AppDelegate.swift; sourceTree = "<group>"; };
		AA62CC601E1448A1008045C1 /* HomeController.swift */ = {isa = PBXFileReference; lastKnownFileType = sourcecode.swift; path = HomeController.swift; sourceTree = "<group>"; };
		AA62CC651E1448A1008045C1 /* Assets.xcassets */ = {isa = PBXFileReference; lastKnownFileType = folder.assetcatalog; path = Assets.xcassets; sourceTree = "<group>"; };
		AA62CC681E1448A1008045C1 /* Base */ = {isa = PBXFileReference; lastKnownFileType = file.storyboard; name = Base; path = Base.lproj/LaunchScreen.storyboard; sourceTree = "<group>"; };
		AA62CC6A1E1448A1008045C1 /* Info.plist */ = {isa = PBXFileReference; lastKnownFileType = text.plist.xml; path = Info.plist; sourceTree = "<group>"; };
/* End PBXFileReference section */

/* Begin PBXFrameworksBuildPhase section */
		AA62CC581E1448A1008045C1 /* Frameworks */ = {
			isa = PBXFrameworksBuildPhase;
			buildActionMask = 2147483647;
			files = (
				CA69BA2C9D0AA5A6600B5C0B /* Pods_Youtube.framework in Frameworks */,
			);
			runOnlyForDeploymentPostprocessing = 0;
		};
/* End PBXFrameworksBuildPhase section */

/* Begin PBXGroup section */
		3FD80A641D973D664BD6FCCF /* Pods */ = {
			isa = PBXGroup;
			children = (
				02886D93FB5FAF8E8B33B646 /* Pods-Youtube.debug.xcconfig */,
				6182F3E16D8E69D6311B0952 /* Pods-Youtube.release.xcconfig */,
			);
			name = Pods;
			sourceTree = "<group>";
		};
		AA0064681E14532D00C3EB75 /* Modules */ = {
			isa = PBXGroup;
			children = (
				AA0064691E14534A00C3EB75 /* CollectionViewCell.swift */,
				AA00647B1E15C3F500C3EB75 /* Video.swift */,
			);
			name = Modules;
			sourceTree = "<group>";
		};
		AA00646B1E145BA100C3EB75 /* Extension */ = {
			isa = PBXGroup;
			children = (
				AA00646C1E145BC400C3EB75 /* Extensions.swift */,
			);
			name = Extension;
			sourceTree = "<group>";
		};
		AA00646E1E147B3800C3EB75 /* view */ = {
			isa = PBXGroup;
			children = (
				AA00646F1E147B4D00C3EB75 /* MenuBar.swift */,
				AA0064711E1488EB00C3EB75 /* VideoCollectionCell.swift */,
				AA0064731E1489F500C3EB75 /* MenuCollectionCell.swift */,
				AA2EAB5B1E1DC0FA0053F500 /* SettingCell.swift */,
			);
			name = view;
			sourceTree = "<group>";
		};
		AA2EAB5D1E1F1BD20053F500 /* APIService */ = {
			isa = PBXGroup;
			children = (
				AA2EAB5E1E1F1C160053F500 /* APIService.swift */,
			);
			name = APIService;
			sourceTree = "<group>";
		};
		AA3266BF1E144F7600701AAD /* Controller */ = {
			isa = PBXGroup;
			children = (
				AA62CC601E1448A1008045C1 /* HomeController.swift */,
				AA2EAB591E1D9F960053F500 /* SettingsLauncher.swift */,
			);
			name = Controller;
			sourceTree = "<group>";
		};
		AA3266C01E144F9100701AAD /* Other */ = {
			isa = PBXGroup;
			children = (
				AA62CC671E1448A1008045C1 /* LaunchScreen.storyboard */,
				AA62CC5E1E1448A1008045C1 /* AppDelegate.swift */,
				AA62CC6A1E1448A1008045C1 /* Info.plist */,
			);
			name = Other;
			sourceTree = "<group>";
		};
		AA62CC521E1448A1008045C1 = {
			isa = PBXGroup;
			children = (
				AA62CC5D1E1448A1008045C1 /* Youtube */,
				AA62CC5C1E1448A1008045C1 /* Products */,
				3FD80A641D973D664BD6FCCF /* Pods */,
				E5E296F375419C3E62351BEE /* Frameworks */,
			);
			sourceTree = "<group>";
		};
		AA62CC5C1E1448A1008045C1 /* Products */ = {
			isa = PBXGroup;
			children = (
				AA62CC5B1E1448A1008045C1 /* Youtube.app */,
			);
			name = Products;
			sourceTree = "<group>";
		};
		AA62CC5D1E1448A1008045C1 /* Youtube */ = {
			isa = PBXGroup;
			children = (
				AA3266C01E144F9100701AAD /* Other */,
				AA62CC651E1448A1008045C1 /* Assets.xcassets */,
				AA00646B1E145BA100C3EB75 /* Extension */,
				AA00646E1E147B3800C3EB75 /* view */,
				AA0064681E14532D00C3EB75 /* Modules */,
				AA2EAB5D1E1F1BD20053F500 /* APIService */,
				AA3266BF1E144F7600701AAD /* Controller */,
			);
			path = Youtube;
			sourceTree = "<group>";
		};
		E5E296F375419C3E62351BEE /* Frameworks */ = {
			isa = PBXGroup;
			children = (
				7CF35277BADA6FD3D411657C /* Pods_Youtube.framework */,
			);
			name = Frameworks;
			sourceTree = "<group>";
		};
/* End PBXGroup section */

/* Begin PBXNativeTarget section */
		AA62CC5A1E1448A1008045C1 /* Youtube */ = {
			isa = PBXNativeTarget;
			buildConfigurationList = AA62CC6D1E1448A1008045C1 /* Build configuration list for PBXNativeTarget "Youtube" */;
			buildPhases = (
				93411474B2F9DC275EE98F9F /* [CP] Check Pods Manifest.lock */,
				AA62CC571E1448A1008045C1 /* Sources */,
				AA62CC581E1448A1008045C1 /* Frameworks */,
				AA62CC591E1448A1008045C1 /* Resources */,
				FF5A686F402F91EF93EA65EB /* [CP] Embed Pods Frameworks */,
				AC7994B04CBB353B135D95A3 /* [CP] Copy Pods Resources */,
			);
			buildRules = (
			);
			dependencies = (
			);
			name = Youtube;
			productName = Youtube;
			productReference = AA62CC5B1E1448A1008045C1 /* Youtube.app */;
			productType = "com.apple.product-type.application";
		};
/* End PBXNativeTarget section */

/* Begin PBXProject section */
		AA62CC531E1448A1008045C1 /* Project object */ = {
			isa = PBXProject;
			attributes = {
				LastSwiftUpdateCheck = 0810;
				LastUpgradeCheck = 0810;
				ORGANIZATIONNAME = "Feihong Zhao";
				TargetAttributes = {
					AA62CC5A1E1448A1008045C1 = {
						CreatedOnToolsVersion = 8.1;
						DevelopmentTeam = H38GM3B5JP;
						ProvisioningStyle = Automatic;
					};
				};
			};
			buildConfigurationList = AA62CC561E1448A1008045C1 /* Build configuration list for PBXProject "Youtube" */;
			compatibilityVersion = "Xcode 3.2";
			developmentRegion = English;
			hasScannedForEncodings = 0;
			knownRegions = (
				en,
				Base,
			);
			mainGroup = AA62CC521E1448A1008045C1;
			productRefGroup = AA62CC5C1E1448A1008045C1 /* Products */;
			projectDirPath = "";
			projectRoot = "";
			targets = (
				AA62CC5A1E1448A1008045C1 /* Youtube */,
			);
		};
/* End PBXProject section */

/* Begin PBXResourcesBuildPhase section */
		AA62CC591E1448A1008045C1 /* Resources */ = {
			isa = PBXResourcesBuildPhase;
			buildActionMask = 2147483647;
			files = (
				AA62CC691E1448A1008045C1 /* LaunchScreen.storyboard in Resources */,
				AA62CC661E1448A1008045C1 /* Assets.xcassets in Resources */,
			);
			runOnlyForDeploymentPostprocessing = 0;
		};
/* End PBXResourcesBuildPhase section */

/* Begin PBXShellScriptBuildPhase section */
		93411474B2F9DC275EE98F9F /* [CP] Check Pods Manifest.lock */ = {
			isa = PBXShellScriptBuildPhase;
			buildActionMask = 2147483647;
			files = (
			);
			inputPaths = (
			);
			name = "[CP] Check Pods Manifest.lock";
			outputPaths = (
			);
			runOnlyForDeploymentPostprocessing = 0;
			shellPath = /bin/sh;
			shellScript = "diff \"${PODS_ROOT}/../Podfile.lock\" \"${PODS_ROOT}/Manifest.lock\" > /dev/null\nif [ $? != 0 ] ; then\n    # print error to STDERR\n    echo \"error: The sandbox is not in sync with the Podfile.lock. Run 'pod install' or update your CocoaPods installation.\" >&2\n    exit 1\nfi\n";
			showEnvVarsInLog = 0;
		};
		AC7994B04CBB353B135D95A3 /* [CP] Copy Pods Resources */ = {
			isa = PBXShellScriptBuildPhase;
			buildActionMask = 2147483647;
			files = (
			);
			inputPaths = (
			);
			name = "[CP] Copy Pods Resources";
			outputPaths = (
			);
			runOnlyForDeploymentPostprocessing = 0;
			shellPath = /bin/sh;
			shellScript = "\"${SRCROOT}/Pods/Target Support Files/Pods-Youtube/Pods-Youtube-resources.sh\"\n";
			showEnvVarsInLog = 0;
		};
		FF5A686F402F91EF93EA65EB /* [CP] Embed Pods Frameworks */ = {
			isa = PBXShellScriptBuildPhase;
			buildActionMask = 2147483647;
			files = (
			);
			inputPaths = (
			);
			name = "[CP] Embed Pods Frameworks";
			outputPaths = (
			);
			runOnlyForDeploymentPostprocessing = 0;
			shellPath = /bin/sh;
			shellScript = "\"${SRCROOT}/Pods/Target Support Files/Pods-Youtube/Pods-Youtube-frameworks.sh\"\n";
			showEnvVarsInLog = 0;
		};
/* End PBXShellScriptBuildPhase section */

/* Begin PBXSourcesBuildPhase section */
		AA62CC571E1448A1008045C1 /* Sources */ = {
			isa = PBXSourcesBuildPhase;
			buildActionMask = 2147483647;
			files = (
				AA62CC611E1448A1008045C1 /* HomeController.swift in Sources */,
				AA0064721E1488EB00C3EB75 /* VideoCollectionCell.swift in Sources */,
				AA2EAB5A1E1D9F960053F500 /* SettingsLauncher.swift in Sources */,
				AA62CC5F1E1448A1008045C1 /* AppDelegate.swift in Sources */,
				AA2EAB5F1E1F1C160053F500 /* APIService.swift in Sources */,
				AA00646A1E14534A00C3EB75 /* CollectionViewCell.swift in Sources */,
				AA0064741E1489F500C3EB75 /* MenuCollectionCell.swift in Sources */,
				AA00647C1E15C3F500C3EB75 /* Video.swift in Sources */,
				AA00646D1E145BC400C3EB75 /* Extensions.swift in Sources */,
				AA2EAB5C1E1DC0FA0053F500 /* SettingCell.swift in Sources */,
				AA0064701E147B4D00C3EB75 /* MenuBar.swift in Sources */,
			);
			runOnlyForDeploymentPostprocessing = 0;
		};
/* End PBXSourcesBuildPhase section */

/* Begin PBXVariantGroup section */
		AA62CC671E1448A1008045C1 /* LaunchScreen.storyboard */ = {
			isa = PBXVariantGroup;
			children = (
				AA62CC681E1448A1008045C1 /* Base */,
			);
			name = LaunchScreen.storyboard;
			sourceTree = "<group>";
		};
/* End PBXVariantGroup section */

/* Begin XCBuildConfiguration section */
		AA62CC6B1E1448A1008045C1 /* Debug */ = {
			isa = XCBuildConfiguration;
			buildSettings = {
				ALWAYS_SEARCH_USER_PATHS = NO;
				CLANG_ANALYZER_NONNULL = YES;
				CLANG_CXX_LANGUAGE_STANDARD = "gnu++0x";
				CLANG_CXX_LIBRARY = "libc++";
				CLANG_ENABLE_MODULES = YES;
				CLANG_ENABLE_OBJC_ARC = YES;
				CLANG_WARN_BOOL_CONVERSION = YES;
				CLANG_WARN_CONSTANT_CONVERSION = YES;
				CLANG_WARN_DIRECT_OBJC_ISA_USAGE = YES_ERROR;
				CLANG_WARN_DOCUMENTATION_COMMENTS = YES;
				CLANG_WARN_EMPTY_BODY = YES;
				CLANG_WARN_ENUM_CONVERSION = YES;
				CLANG_WARN_INFINITE_RECURSION = YES;
				CLANG_WARN_INT_CONVERSION = YES;
				CLANG_WARN_OBJC_ROOT_CLASS = YES_ERROR;
				CLANG_WARN_SUSPICIOUS_MOVE = YES;
				CLANG_WARN_SUSPICIOUS_MOVES = YES;
				CLANG_WARN_UNREACHABLE_CODE = YES;
				CLANG_WARN__DUPLICATE_METHOD_MATCH = YES;
				"CODE_SIGN_IDENTITY[sdk=iphoneos*]" = "iPhone Developer";
				COPY_PHASE_STRIP = NO;
				DEBUG_INFORMATION_FORMAT = dwarf;
				ENABLE_STRICT_OBJC_MSGSEND = YES;
				ENABLE_TESTABILITY = YES;
				GCC_C_LANGUAGE_STANDARD = gnu99;
				GCC_DYNAMIC_NO_PIC = NO;
				GCC_NO_COMMON_BLOCKS = YES;
				GCC_OPTIMIZATION_LEVEL = 0;
				GCC_PREPROCESSOR_DEFINITIONS = (
					"DEBUG=1",
					"$(inherited)",
				);
				GCC_WARN_64_TO_32_BIT_CONVERSION = YES;
				GCC_WARN_ABOUT_RETURN_TYPE = YES_ERROR;
				GCC_WARN_UNDECLARED_SELECTOR = YES;
				GCC_WARN_UNINITIALIZED_AUTOS = YES_AGGRESSIVE;
				GCC_WARN_UNUSED_FUNCTION = YES;
				GCC_WARN_UNUSED_VARIABLE = YES;
				IPHONEOS_DEPLOYMENT_TARGET = 10.1;
				MTL_ENABLE_DEBUG_INFO = YES;
				ONLY_ACTIVE_ARCH = YES;
				SDKROOT = iphoneos;
				SWIFT_ACTIVE_COMPILATION_CONDITIONS = DEBUG;
				SWIFT_OPTIMIZATION_LEVEL = "-Onone";
				SWIFT_VERSION = 3.0.1;
			};
			name = Debug;
		};
		AA62CC6C1E1448A1008045C1 /* Release */ = {
			isa = XCBuildConfiguration;
			buildSettings = {
				ALWAYS_SEARCH_USER_PATHS = NO;
				CLANG_ANALYZER_NONNULL = YES;
				CLANG_CXX_LANGUAGE_STANDARD = "gnu++0x";
				CLANG_CXX_LIBRARY = "libc++";
				CLANG_ENABLE_MODULES = YES;
				CLANG_ENABLE_OBJC_ARC = YES;
				CLANG_WARN_BOOL_CONVERSION = YES;
				CLANG_WARN_CONSTANT_CONVERSION = YES;
				CLANG_WARN_DIRECT_OBJC_ISA_USAGE = YES_ERROR;
				CLANG_WARN_DOCUMENTATION_COMMENTS = YES;
				CLANG_WARN_EMPTY_BODY = YES;
				CLANG_WARN_ENUM_CONVERSION = YES;
				CLANG_WARN_INFINITE_RECURSION = YES;
				CLANG_WARN_INT_CONVERSION = YES;
				CLANG_WARN_OBJC_ROOT_CLASS = YES_ERROR;
				CLANG_WARN_SUSPICIOUS_MOVE = YES;
				CLANG_WARN_SUSPICIOUS_MOVES = YES;
				CLANG_WARN_UNREACHABLE_CODE = YES;
				CLANG_WARN__DUPLICATE_METHOD_MATCH = YES;
				"CODE_SIGN_IDENTITY[sdk=iphoneos*]" = "iPhone Developer";
				COPY_PHASE_STRIP = NO;
				DEBUG_INFORMATION_FORMAT = "dwarf-with-dsym";
				ENABLE_NS_ASSERTIONS = NO;
				ENABLE_STRICT_OBJC_MSGSEND = YES;
				GCC_C_LANGUAGE_STANDARD = gnu99;
				GCC_NO_COMMON_BLOCKS = YES;
				GCC_WARN_64_TO_32_BIT_CONVERSION = YES;
				GCC_WARN_ABOUT_RETURN_TYPE = YES_ERROR;
				GCC_WARN_UNDECLARED_SELECTOR = YES;
				GCC_WARN_UNINITIALIZED_AUTOS = YES_AGGRESSIVE;
				GCC_WARN_UNUSED_FUNCTION = YES;
				GCC_WARN_UNUSED_VARIABLE = YES;
				IPHONEOS_DEPLOYMENT_TARGET = 10.1;
				MTL_ENABLE_DEBUG_INFO = NO;
				SDKROOT = iphoneos;
				SWIFT_OPTIMIZATION_LEVEL = "-Owholemodule";
				SWIFT_VERSION = 3.0.1;
				VALIDATE_PRODUCT = YES;
			};
			name = Release;
		};
		AA62CC6E1E1448A1008045C1 /* Debug */ = {
			isa = XCBuildConfiguration;
			baseConfigurationReference = 02886D93FB5FAF8E8B33B646 /* Pods-Youtube.debug.xcconfig */;
			buildSettings = {
				ASSETCATALOG_COMPILER_APPICON_NAME = AppIcon;
				DEVELOPMENT_TEAM = H38GM3B5JP;
				INFOPLIST_FILE = Youtube/Info.plist;
				LD_RUNPATH_SEARCH_PATHS = "$(inherited) @executable_path/Frameworks";
				PRODUCT_BUNDLE_IDENTIFIER = com.feihongdesign.www.Youtube;
				PRODUCT_NAME = "$(TARGET_NAME)";
				SWIFT_VERSION = 3.0;
			};
			name = Debug;
		};
		AA62CC6F1E1448A1008045C1 /* Release */ = {
			isa = XCBuildConfiguration;
			baseConfigurationReference = 6182F3E16D8E69D6311B0952 /* Pods-Youtube.release.xcconfig */;
			buildSettings = {
				ASSETCATALOG_COMPILER_APPICON_NAME = AppIcon;
				DEVELOPMENT_TEAM = H38GM3B5JP;
				INFOPLIST_FILE = Youtube/Info.plist;
				LD_RUNPATH_SEARCH_PATHS = "$(inherited) @executable_path/Frameworks";
				PRODUCT_BUNDLE_IDENTIFIER = com.feihongdesign.www.Youtube;
				PRODUCT_NAME = "$(TARGET_NAME)";
				SWIFT_VERSION = 3.0;
			};
			name = Release;
		};
/* End XCBuildConfiguration section */

/* Begin XCConfigurationList section */
		AA62CC561E1448A1008045C1 /* Build configuration list for PBXProject "Youtube" */ = {
			isa = XCConfigurationList;
			buildConfigurations = (
				AA62CC6B1E1448A1008045C1 /* Debug */,
				AA62CC6C1E1448A1008045C1 /* Release */,
			);
			defaultConfigurationIsVisible = 0;
			defaultConfigurationName = Release;
		};
		AA62CC6D1E1448A1008045C1 /* Build configuration list for PBXNativeTarget "Youtube" */ = {
			isa = XCConfigurationList;
			buildConfigurations = (
				AA62CC6E1E1448A1008045C1 /* Debug */,
				AA62CC6F1E1448A1008045C1 /* Release */,
			);
			defaultConfigurationIsVisible = 0;
			defaultConfigurationName = Release;
		};
/* End XCConfigurationList section */
	};
	rootObject = AA62CC531E1448A1008045C1 /* Project object */;
}
